
Microsoft Visual Studio Solution File, Format Version 12.00
# Visual Studio 15
VisualStudioVersion = 15.0.28307.757
MinimumVisualStudioVersion = 10.0.40219.1
Project("{8BC9CEB8-8B4A-11D0-8D11-00A0C91BC942}") = "7SeventhStep", "7SeventhStep\7SeventhStep.vcxproj", "{77CC8C36-4177-4EAC-A404-BE4D7F52EC0E}"
EndProject
Global
	GlobalSection(SolutionConfigurationPlatforms) = preSolution
		Debug|x64 = Debug|x64
		Debug|x86 = Debug|x86
		Release|x64 = Release|x64
		Release|x86 = Release|x86
	EndGlobalSection
	GlobalSection(ProjectConfigurationPlatforms) = postSolution
		{77CC8C36-4177-4EAC-A404-BE4D7F52EC0E}.Debug|x64.ActiveCfg = Debug|x64
		{77CC8C36-4177-4EAC-A404-BE4D7F52EC0E}.Debug|x64.Build.0 = Debug|x64
		{77CC8C36-4177-4EAC-A404-BE4D7F52EC0E}.Debug|x86.ActiveCfg = Debug|Win32
		{77CC8C36-4177-4EAC-A404-BE4D7F52EC0E}.Debug|x86.Build.0 = Debug|Win32
		{77CC8C36-4177-4EAC-A404-BE4D7F52EC0E}.Release|x64.ActiveCfg = Release|x64
		{77CC8C36-4177-4EAC-A404-BE4D7F52EC0E}.Release|x64.Build.0 = Release|x64
		{77CC8C36-4177-4EAC-A404-BE4D7F52EC0E}.Release|x86.ActiveCfg = Release|Win32
		{77CC8C36-4177-4EAC-A404-BE4D7F52EC0E}.Release|x86.Build.0 = Release|Win32
	EndGlobalSection
	GlobalSection(SolutionProperties) = preSolution
		HideSolutionNode = FALSE
	EndGlobalSection
	GlobalSection(ExtensibilityGlobals) = postSolution
		SolutionGuid = {96625F2D-2335-43E1-90E5-837E82BC67E4}
	EndGlobalSection
EndGlobal
