
Microsoft Visual Studio Solution File, Format Version 12.00
# Visual Studio Version 16
VisualStudioVersion = 16.0.30011.22
MinimumVisualStudioVersion = 10.0.40219.1
Project("{FAE04EC0-301F-11D3-BF4B-00C04F79EFBC}") = "Ex04_mvvmTest", "Ex04_mvvmTest\Ex04_mvvmTest.csproj", "{03D4E614-2C47-4743-AC41-484BE3D69253}"
EndProject
Global
	GlobalSection(SolutionConfigurationPlatforms) = preSolution
		Debug|Any CPU = Debug|Any CPU
		Release|Any CPU = Release|Any CPU
	EndGlobalSection
	GlobalSection(ProjectConfigurationPlatforms) = postSolution
		{03D4E614-2C47-4743-AC41-484BE3D69253}.Debug|Any CPU.ActiveCfg = Debug|Any CPU
		{03D4E614-2C47-4743-AC41-484BE3D69253}.Debug|Any CPU.Build.0 = Debug|Any CPU
		{03D4E614-2C47-4743-AC41-484BE3D69253}.Release|Any CPU.ActiveCfg = Release|Any CPU
		{03D4E614-2C47-4743-AC41-484BE3D69253}.Release|Any CPU.Build.0 = Release|Any CPU
	EndGlobalSection
	GlobalSection(SolutionProperties) = preSolution
		HideSolutionNode = FALSE
	EndGlobalSection
	GlobalSection(ExtensibilityGlobals) = postSolution
		SolutionGuid = {64B21DD5-42B1-4CF2-A34D-62B652F4522D}
	EndGlobalSection
EndGlobal
